
Microsoft Visual Studio Solution File, Format Version 12.00
# Visual Studio Version 17
VisualStudioVersion = 17.7.34202.233
MinimumVisualStudioVersion = 10.0.40219.1
Project("{9A19103F-16F7-4668-BE54-9A1E7A4F7556}") = "Laboratorium 1", "Laboratorium 1\Laboratorium 1.csproj", "{1DDE2541-9353-447F-BC70-BD44C3057F91}"
EndProject
Project("{FAE04EC0-301F-11D3-BF4B-00C04F79EFBC}") = "Laboratorium 2", "Laboratorium 2\Laboratorium 2.csproj", "{8539692B-B1CD-4763-A100-51EA1C8634E4}"
EndProject
Global
	GlobalSection(SolutionConfigurationPlatforms) = preSolution
		Debug|Any CPU = Debug|Any CPU
		Release|Any CPU = Release|Any CPU
	EndGlobalSection
	GlobalSection(ProjectConfigurationPlatforms) = postSolution
		{1DDE2541-9353-447F-BC70-BD44C3057F91}.Debug|Any CPU.ActiveCfg = Debug|Any CPU
		{1DDE2541-9353-447F-BC70-BD44C3057F91}.Debug|Any CPU.Build.0 = Debug|Any CPU
		{1DDE2541-9353-447F-BC70-BD44C3057F91}.Release|Any CPU.ActiveCfg = Release|Any CPU
		{1DDE2541-9353-447F-BC70-BD44C3057F91}.Release|Any CPU.Build.0 = Release|Any CPU
		{8539692B-B1CD-4763-A100-51EA1C8634E4}.Debug|Any CPU.ActiveCfg = Debug|Any CPU
		{8539692B-B1CD-4763-A100-51EA1C8634E4}.Debug|Any CPU.Build.0 = Debug|Any CPU
		{8539692B-B1CD-4763-A100-51EA1C8634E4}.Release|Any CPU.ActiveCfg = Release|Any CPU
		{8539692B-B1CD-4763-A100-51EA1C8634E4}.Release|Any CPU.Build.0 = Release|Any CPU
	EndGlobalSection
	GlobalSection(SolutionProperties) = preSolution
		HideSolutionNode = FALSE
	EndGlobalSection
	GlobalSection(ExtensibilityGlobals) = postSolution
		SolutionGuid = {0932B995-A644-4744-9AA8-21ABF764AAB5}
	EndGlobalSection
EndGlobal
